
Microsoft Visual Studio Solution File, Format Version 12.00
# Visual Studio Version 16
VisualStudioVersion = 16.0.30907.101
MinimumVisualStudioVersion = 10.0.40219.1
Project("{FAE04EC0-301F-11D3-BF4B-00C04F79EFBC}") = "PetsAndPajamas", "PetsAndPajamas.csproj", "{832695B1-6B8F-48E6-BC33-512DB6C0AF1D}"
EndProject
Global
	GlobalSection(SolutionConfigurationPlatforms) = preSolution
		Debug|Any CPU = Debug|Any CPU
		Release|Any CPU = Release|Any CPU
	EndGlobalSection
	GlobalSection(ProjectConfigurationPlatforms) = postSolution
		{832695B1-6B8F-48E6-BC33-512DB6C0AF1D}.Debug|Any CPU.ActiveCfg = Debug|Any CPU
		{832695B1-6B8F-48E6-BC33-512DB6C0AF1D}.Debug|Any CPU.Build.0 = Debug|Any CPU
		{832695B1-6B8F-48E6-BC33-512DB6C0AF1D}.Release|Any CPU.ActiveCfg = Release|Any CPU
		{832695B1-6B8F-48E6-BC33-512DB6C0AF1D}.Release|Any CPU.Build.0 = Release|Any CPU
	EndGlobalSection
	GlobalSection(SolutionProperties) = preSolution
		HideSolutionNode = FALSE
	EndGlobalSection
	GlobalSection(ExtensibilityGlobals) = postSolution
		SolutionGuid = {5A73D30C-D59C-44F5-A968-D989C9A59640}
	EndGlobalSection
EndGlobal
